
Microsoft Visual Studio Solution File, Format Version 12.00
# Visual Studio 15
VisualStudioVersion = 15.0.28010.2048
MinimumVisualStudioVersion = 10.0.40219.1
Project("{888888A0-9F3D-457C-B088-3A5042F75D52}") = "PyScripting", "PyScripting\PyScripting.pyproj", "{46890EDC-83A0-4DD6-8010-DC231A31EB08}"
EndProject
Global
	GlobalSection(SolutionConfigurationPlatforms) = preSolution
		Debug|Any CPU = Debug|Any CPU
		Release|Any CPU = Release|Any CPU
	EndGlobalSection
	GlobalSection(ProjectConfigurationPlatforms) = postSolution
		{46890EDC-83A0-4DD6-8010-DC231A31EB08}.Debug|Any CPU.ActiveCfg = Debug|Any CPU
		{46890EDC-83A0-4DD6-8010-DC231A31EB08}.Release|Any CPU.ActiveCfg = Release|Any CPU
	EndGlobalSection
	GlobalSection(SolutionProperties) = preSolution
		HideSolutionNode = FALSE
	EndGlobalSection
	GlobalSection(ExtensibilityGlobals) = postSolution
		SolutionGuid = {72558852-3E8D-495A-A63E-794734131419}
	EndGlobalSection
EndGlobal
